
Microsoft Visual Studio Solution File, Format Version 12.00
# Visual Studio Version 16
VisualStudioVersion = 16.0.30114.105
MinimumVisualStudioVersion = 10.0.40219.1
Project("{F184B08F-C81C-45F6-A57F-5ABD9991F28F}") = "profac", "profac\profac.vbproj", "{A1F5DFC0-9AF7-4577-BFDF-98E918B5525A}"
EndProject
Global
	GlobalSection(SolutionConfigurationPlatforms) = preSolution
		Debug|Any CPU = Debug|Any CPU
		Release|Any CPU = Release|Any CPU
	EndGlobalSection
	GlobalSection(ProjectConfigurationPlatforms) = postSolution
		{A1F5DFC0-9AF7-4577-BFDF-98E918B5525A}.Debug|Any CPU.ActiveCfg = Debug|Any CPU
		{A1F5DFC0-9AF7-4577-BFDF-98E918B5525A}.Debug|Any CPU.Build.0 = Debug|Any CPU
		{A1F5DFC0-9AF7-4577-BFDF-98E918B5525A}.Release|Any CPU.ActiveCfg = Release|Any CPU
		{A1F5DFC0-9AF7-4577-BFDF-98E918B5525A}.Release|Any CPU.Build.0 = Release|Any CPU
	EndGlobalSection
	GlobalSection(SolutionProperties) = preSolution
		HideSolutionNode = FALSE
	EndGlobalSection
	GlobalSection(ExtensibilityGlobals) = postSolution
		SolutionGuid = {6EE31388-7B09-4A5A-9790-72A8117BFCA6}
	EndGlobalSection
EndGlobal
